
Microsoft Visual Studio Solution File, Format Version 12.00
# Visual Studio 15
VisualStudioVersion = 15.0.28307.329
MinimumVisualStudioVersion = 10.0.40219.1
Project("{FAE04EC0-301F-11D3-BF4B-00C04F79EFBC}") = "01. Hello SoftUni", "01. Hello SoftUni\01. Hello SoftUni.csproj", "{C2C0EF09-F9E7-4134-B818-5451C5826301}"
EndProject
Project("{FAE04EC0-301F-11D3-BF4B-00C04F79EFBC}") = "02. Expression", "02. Expression\02. Expression.csproj", "{0719DA70-9D6D-4607-A0E0-B4FC3E92E393}"
EndProject
Project("{FAE04EC0-301F-11D3-BF4B-00C04F79EFBC}") = "03. Nums 1 to 20", "03. Nums 1 to 20\03. Nums 1 to 20.csproj", "{9E38D704-1F54-4388-BD68-C25AD81E4425}"
EndProject
Project("{FAE04EC0-301F-11D3-BF4B-00C04F79EFBC}") = "04. Rectangle Area", "04. Rectangle Area\04. Rectangle Area.csproj", "{CEE84FAD-545F-4205-BC73-0769155168C6}"
EndProject
Global
	GlobalSection(SolutionConfigurationPlatforms) = preSolution
		Debug|Any CPU = Debug|Any CPU
		Release|Any CPU = Release|Any CPU
	EndGlobalSection
	GlobalSection(ProjectConfigurationPlatforms) = postSolution
		{C2C0EF09-F9E7-4134-B818-5451C5826301}.Debug|Any CPU.ActiveCfg = Debug|Any CPU
		{C2C0EF09-F9E7-4134-B818-5451C5826301}.Debug|Any CPU.Build.0 = Debug|Any CPU
		{C2C0EF09-F9E7-4134-B818-5451C5826301}.Release|Any CPU.ActiveCfg = Release|Any CPU
		{C2C0EF09-F9E7-4134-B818-5451C5826301}.Release|Any CPU.Build.0 = Release|Any CPU
		{0719DA70-9D6D-4607-A0E0-B4FC3E92E393}.Debug|Any CPU.ActiveCfg = Debug|Any CPU
		{0719DA70-9D6D-4607-A0E0-B4FC3E92E393}.Debug|Any CPU.Build.0 = Debug|Any CPU
		{0719DA70-9D6D-4607-A0E0-B4FC3E92E393}.Release|Any CPU.ActiveCfg = Release|Any CPU
		{0719DA70-9D6D-4607-A0E0-B4FC3E92E393}.Release|Any CPU.Build.0 = Release|Any CPU
		{9E38D704-1F54-4388-BD68-C25AD81E4425}.Debug|Any CPU.ActiveCfg = Debug|Any CPU
		{9E38D704-1F54-4388-BD68-C25AD81E4425}.Debug|Any CPU.Build.0 = Debug|Any CPU
		{9E38D704-1F54-4388-BD68-C25AD81E4425}.Release|Any CPU.ActiveCfg = Release|Any CPU
		{9E38D704-1F54-4388-BD68-C25AD81E4425}.Release|Any CPU.Build.0 = Release|Any CPU
		{CEE84FAD-545F-4205-BC73-0769155168C6}.Debug|Any CPU.ActiveCfg = Debug|Any CPU
		{CEE84FAD-545F-4205-BC73-0769155168C6}.Debug|Any CPU.Build.0 = Debug|Any CPU
		{CEE84FAD-545F-4205-BC73-0769155168C6}.Release|Any CPU.ActiveCfg = Release|Any CPU
		{CEE84FAD-545F-4205-BC73-0769155168C6}.Release|Any CPU.Build.0 = Release|Any CPU
	EndGlobalSection
	GlobalSection(SolutionProperties) = preSolution
		HideSolutionNode = FALSE
	EndGlobalSection
	GlobalSection(ExtensibilityGlobals) = postSolution
		SolutionGuid = {EDEA252D-10D8-47A0-BF33-003E14504784}
	EndGlobalSection
EndGlobal
