
Microsoft Visual Studio Solution File, Format Version 12.00
# Visual Studio 15
VisualStudioVersion = 15.0.28307.329
MinimumVisualStudioVersion = 10.0.40219.1
Project("{FAE04EC0-301F-11D3-BF4B-00C04F79EFBC}") = "01. USD to BGN", "01. USD to BGN\01. USD to BGN.csproj", "{42B76D3E-95F1-4326-80BD-10C36278A398}"
EndProject
Project("{FAE04EC0-301F-11D3-BF4B-00C04F79EFBC}") = "02. Radians to Degrees", "02. Radians to Degrees\02. Radians to Degrees.csproj", "{7FF8C1E8-A123-4F19-982A-247A6A57EC81}"
EndProject
Project("{FAE04EC0-301F-11D3-BF4B-00C04F79EFBC}") = "03. 2D Rectangle Area", "03. 2D Rectangle Area\03. 2D Rectangle Area.csproj", "{B07BB527-B52A-4014-B493-B5EAE68F2B35}"
EndProject
Project("{FAE04EC0-301F-11D3-BF4B-00C04F79EFBC}") = "04. Tailoring Workshop", "04. Tailoring Workshop\04. Tailoring Workshop.csproj", "{DEC0DE95-90A2-4940-B1AE-F4F240CB09F9}"
EndProject
Project("{FAE04EC0-301F-11D3-BF4B-00C04F79EFBC}") = "05. Dance Hall", "05. Dance Hall\05. Dance Hall.csproj", "{5680E1AA-5FC4-498A-A2EB-591E12AC6291}"
EndProject
Project("{FAE04EC0-301F-11D3-BF4B-00C04F79EFBC}") = "06. Charity Campaign", "06. Charity Campaign\06. Charity Campaign.csproj", "{FF364A8B-F736-4922-9504-D216C680A334}"
EndProject
Project("{FAE04EC0-301F-11D3-BF4B-00C04F79EFBC}") = "07. Alcohol Market", "07. Alcohol Market\07. Alcohol Market.csproj", "{98475907-AA8B-4EE2-9B51-3073D81E5439}"
EndProject
Global
	GlobalSection(SolutionConfigurationPlatforms) = preSolution
		Debug|Any CPU = Debug|Any CPU
		Release|Any CPU = Release|Any CPU
	EndGlobalSection
	GlobalSection(ProjectConfigurationPlatforms) = postSolution
		{42B76D3E-95F1-4326-80BD-10C36278A398}.Debug|Any CPU.ActiveCfg = Debug|Any CPU
		{42B76D3E-95F1-4326-80BD-10C36278A398}.Debug|Any CPU.Build.0 = Debug|Any CPU
		{42B76D3E-95F1-4326-80BD-10C36278A398}.Release|Any CPU.ActiveCfg = Release|Any CPU
		{42B76D3E-95F1-4326-80BD-10C36278A398}.Release|Any CPU.Build.0 = Release|Any CPU
		{7FF8C1E8-A123-4F19-982A-247A6A57EC81}.Debug|Any CPU.ActiveCfg = Debug|Any CPU
		{7FF8C1E8-A123-4F19-982A-247A6A57EC81}.Debug|Any CPU.Build.0 = Debug|Any CPU
		{7FF8C1E8-A123-4F19-982A-247A6A57EC81}.Release|Any CPU.ActiveCfg = Release|Any CPU
		{7FF8C1E8-A123-4F19-982A-247A6A57EC81}.Release|Any CPU.Build.0 = Release|Any CPU
		{B07BB527-B52A-4014-B493-B5EAE68F2B35}.Debug|Any CPU.ActiveCfg = Debug|Any CPU
		{B07BB527-B52A-4014-B493-B5EAE68F2B35}.Debug|Any CPU.Build.0 = Debug|Any CPU
		{B07BB527-B52A-4014-B493-B5EAE68F2B35}.Release|Any CPU.ActiveCfg = Release|Any CPU
		{B07BB527-B52A-4014-B493-B5EAE68F2B35}.Release|Any CPU.Build.0 = Release|Any CPU
		{DEC0DE95-90A2-4940-B1AE-F4F240CB09F9}.Debug|Any CPU.ActiveCfg = Debug|Any CPU
		{DEC0DE95-90A2-4940-B1AE-F4F240CB09F9}.Debug|Any CPU.Build.0 = Debug|Any CPU
		{DEC0DE95-90A2-4940-B1AE-F4F240CB09F9}.Release|Any CPU.ActiveCfg = Release|Any CPU
		{DEC0DE95-90A2-4940-B1AE-F4F240CB09F9}.Release|Any CPU.Build.0 = Release|Any CPU
		{5680E1AA-5FC4-498A-A2EB-591E12AC6291}.Debug|Any CPU.ActiveCfg = Debug|Any CPU
		{5680E1AA-5FC4-498A-A2EB-591E12AC6291}.Debug|Any CPU.Build.0 = Debug|Any CPU
		{5680E1AA-5FC4-498A-A2EB-591E12AC6291}.Release|Any CPU.ActiveCfg = Release|Any CPU
		{5680E1AA-5FC4-498A-A2EB-591E12AC6291}.Release|Any CPU.Build.0 = Release|Any CPU
		{FF364A8B-F736-4922-9504-D216C680A334}.Debug|Any CPU.ActiveCfg = Debug|Any CPU
		{FF364A8B-F736-4922-9504-D216C680A334}.Debug|Any CPU.Build.0 = Debug|Any CPU
		{FF364A8B-F736-4922-9504-D216C680A334}.Release|Any CPU.ActiveCfg = Release|Any CPU
		{FF364A8B-F736-4922-9504-D216C680A334}.Release|Any CPU.Build.0 = Release|Any CPU
		{98475907-AA8B-4EE2-9B51-3073D81E5439}.Debug|Any CPU.ActiveCfg = Debug|Any CPU
		{98475907-AA8B-4EE2-9B51-3073D81E5439}.Debug|Any CPU.Build.0 = Debug|Any CPU
		{98475907-AA8B-4EE2-9B51-3073D81E5439}.Release|Any CPU.ActiveCfg = Release|Any CPU
		{98475907-AA8B-4EE2-9B51-3073D81E5439}.Release|Any CPU.Build.0 = Release|Any CPU
	EndGlobalSection
	GlobalSection(SolutionProperties) = preSolution
		HideSolutionNode = FALSE
	EndGlobalSection
	GlobalSection(ExtensibilityGlobals) = postSolution
		SolutionGuid = {FAD95CA3-320B-43F0-BDA2-A4E723E2EA37}
	EndGlobalSection
EndGlobal
